// !$*UTF8*$!
{
	archiveVersion = 1;
	classes = {
	};
	objectVersion = 46;
	objects = {

/* Begin PBXBuildFile section */
		4008003215AF51300028A766 /* RobotDetails.m in Sources */ = {isa = PBXBuildFile; fileRef = 4008003115AF51300028A766 /* RobotDetails.m */; };
		401C5FE5158BD0BC00058D4C /* Cocoa.framework in Frameworks */ = {isa = PBXBuildFile; fileRef = 401C5FE4158BD0BC00058D4C /* Cocoa.framework */; };
		401C5FEF158BD0BC00058D4C /* InfoPlist.strings in Resources */ = {isa = PBXBuildFile; fileRef = 401C5FED158BD0BC00058D4C /* InfoPlist.strings */; };
		401C5FF1158BD0BC00058D4C /* main.m in Sources */ = {isa = PBXBuildFile; fileRef = 401C5FF0158BD0BC00058D4C /* main.m */; };
		401C5FF8158BD0BC00058D4C /* AppDelegate.m in Sources */ = {isa = PBXBuildFile; fileRef = 401C5FF7158BD0BC00058D4C /* AppDelegate.m */; };
		401C6003158BD14E00058D4C /* ServerController.m in Sources */ = {isa = PBXBuildFile; fileRef = 401C6002158BD14E00058D4C /* ServerController.m */; };
		401C6006158BD1B000058D4C /* RobotDisplayController.m in Sources */ = {isa = PBXBuildFile; fileRef = 401C6005158BD1B000058D4C /* RobotDisplayController.m */; };
		401C6008158BD32C00058D4C /* MainMenu.xib in Resources */ = {isa = PBXBuildFile; fileRef = 401C6007158BD32C00058D4C /* MainMenu.xib */; };
		401C600B158BD5A100058D4C /* Server.m in Sources */ = {isa = PBXBuildFile; fileRef = 401C600A158BD5A100058D4C /* Server.m */; };
		401C600E158BD5C100058D4C /* Connection.m in Sources */ = {isa = PBXBuildFile; fileRef = 401C600D158BD5C100058D4C /* Connection.m */; };
		401C6011158BD5CF00058D4C /* PheromoneController.m in Sources */ = {isa = PBXBuildFile; fileRef = 401C6010158BD5CF00058D4C /* PheromoneController.m */; };
		401C6014158BD5F900058D4C /* RobotDisplayView.m in Sources */ = {isa = PBXBuildFile; fileRef = 401C6013158BD5F900058D4C /* RobotDisplayView.m */; };
		401C601A158BD63C00058D4C /* Writer.m in Sources */ = {isa = PBXBuildFile; fileRef = 401C6019158BD63C00058D4C /* Writer.m */; };
		407D36D115D57160004D29B9 /* ToolController.m in Sources */ = {isa = PBXBuildFile; fileRef = 407D36D015D57160004D29B9 /* ToolController.m */; };
		422512DF16E2F6F4005D6230 /* libAntBot-GA.a in Frameworks */ = {isa = PBXBuildFile; fileRef = 422512DE16E2F6DD005D6230 /* libAntBot-GA.a */; };
/* End PBXBuildFile section */

/* Begin PBXContainerItemProxy section */
		422512DD16E2F6DD005D6230 /* PBXContainerItemProxy */ = {
			isa = PBXContainerItemProxy;
			containerPortal = 422512D916E2F6DC005D6230 /* AntBot-GA.xcodeproj */;
			proxyType = 2;
			remoteGlobalIDString = 40ED65B616DABD31006F8494;
			remoteInfo = "AntBot-GA";
		};
/* End PBXContainerItemProxy section */

/* Begin PBXFileReference section */
		4008003015AF51300028A766 /* RobotDetails.h */ = {isa = PBXFileReference; fileEncoding = 4; lastKnownFileType = sourcecode.c.h; name = RobotDetails.h; path = "AntBot-Server/RobotDetails.h"; sourceTree = SOURCE_ROOT; };
		4008003115AF51300028A766 /* RobotDetails.m */ = {isa = PBXFileReference; fileEncoding = 4; lastKnownFileType = sourcecode.c.objc; name = RobotDetails.m; path = "AntBot-Server/RobotDetails.m"; sourceTree = SOURCE_ROOT; };
		401C5FE0158BD0BB00058D4C /* AntBot-Server.app */ = {isa = PBXFileReference; explicitFileType = wrapper.application; includeInIndex = 0; path = "AntBot-Server.app"; sourceTree = BUILT_PRODUCTS_DIR; };
		401C5FE4158BD0BC00058D4C /* Cocoa.framework */ = {isa = PBXFileReference; lastKnownFileType = wrapper.framework; name = Cocoa.framework; path = System/Library/Frameworks/Cocoa.framework; sourceTree = SDKROOT; };
		401C5FE7158BD0BC00058D4C /* AppKit.framework */ = {isa = PBXFileReference; lastKnownFileType = wrapper.framework; name = AppKit.framework; path = System/Library/Frameworks/AppKit.framework; sourceTree = SDKROOT; };
		401C5FE8158BD0BC00058D4C /* CoreData.framework */ = {isa = PBXFileReference; lastKnownFileType = wrapper.framework; name = CoreData.framework; path = System/Library/Frameworks/CoreData.framework; sourceTree = SDKROOT; };
		401C5FE9158BD0BC00058D4C /* Foundation.framework */ = {isa = PBXFileReference; lastKnownFileType = wrapper.framework; name = Foundation.framework; path = System/Library/Frameworks/Foundation.framework; sourceTree = SDKROOT; };
		401C5FEC158BD0BC00058D4C /* AntBot-Server-Info.plist */ = {isa = PBXFileReference; lastKnownFileType = text.plist.xml; name = "AntBot-Server-Info.plist"; path = "AntBot-Server/AntBot-Server-Info.plist"; sourceTree = SOURCE_ROOT; };
		401C5FEE158BD0BC00058D4C /* en */ = {isa = PBXFileReference; lastKnownFileType = text.plist.strings; name = en; path = "AntBot-Server/en.lproj/InfoPlist.strings"; sourceTree = SOURCE_ROOT; };
		401C5FF0158BD0BC00058D4C /* main.m */ = {isa = PBXFileReference; lastKnownFileType = sourcecode.c.objc; name = main.m; path = "AntBot-Server/main.m"; sourceTree = SOURCE_ROOT; };
		401C5FF2158BD0BC00058D4C /* AntBot-Server-Prefix.pch */ = {isa = PBXFileReference; lastKnownFileType = sourcecode.c.h; name = "AntBot-Server-Prefix.pch"; path = "AntBot-Server/AntBot-Server-Prefix.pch"; sourceTree = SOURCE_ROOT; };
		401C5FF6158BD0BC00058D4C /* AppDelegate.h */ = {isa = PBXFileReference; lastKnownFileType = sourcecode.c.h; name = AppDelegate.h; path = "AntBot-Server/AppDelegate.h"; sourceTree = SOURCE_ROOT; };
		401C5FF7158BD0BC00058D4C /* AppDelegate.m */ = {isa = PBXFileReference; lastKnownFileType = sourcecode.c.objc; name = AppDelegate.m; path = "AntBot-Server/AppDelegate.m"; sourceTree = SOURCE_ROOT; };
		401C6001158BD14E00058D4C /* ServerController.h */ = {isa = PBXFileReference; fileEncoding = 4; lastKnownFileType = sourcecode.c.h; name = ServerController.h; path = "AntBot-Server/ServerController.h"; sourceTree = SOURCE_ROOT; };
		401C6002158BD14E00058D4C /* ServerController.m */ = {isa = PBXFileReference; fileEncoding = 4; lastKnownFileType = sourcecode.c.objc; name = ServerController.m; path = "AntBot-Server/ServerController.m"; sourceTree = SOURCE_ROOT; };
		401C6004158BD1B000058D4C /* RobotDisplayController.h */ = {isa = PBXFileReference; fileEncoding = 4; lastKnownFileType = sourcecode.c.h; name = RobotDisplayController.h; path = "AntBot-Server/RobotDisplayController.h"; sourceTree = SOURCE_ROOT; };
		401C6005158BD1B000058D4C /* RobotDisplayController.m */ = {isa = PBXFileReference; fileEncoding = 4; lastKnownFileType = sourcecode.c.objc; name = RobotDisplayController.m; path = "AntBot-Server/RobotDisplayController.m"; sourceTree = SOURCE_ROOT; };
		401C6007158BD32C00058D4C /* MainMenu.xib */ = {isa = PBXFileReference; fileEncoding = 4; lastKnownFileType = file.xib; name = MainMenu.xib; path = "AntBot-Server/MainMenu.xib"; sourceTree = SOURCE_ROOT; };
		401C6009158BD5A100058D4C /* Server.h */ = {isa = PBXFileReference; fileEncoding = 4; lastKnownFileType = sourcecode.c.h; name = Server.h; path = "AntBot-Server/Server.h"; sourceTree = SOURCE_ROOT; };
		401C600A158BD5A100058D4C /* Server.m */ = {isa = PBXFileReference; fileEncoding = 4; lastKnownFileType = sourcecode.c.objc; name = Server.m; path = "AntBot-Server/Server.m"; sourceTree = SOURCE_ROOT; };
		401C600C158BD5C100058D4C /* Connection.h */ = {isa = PBXFileReference; fileEncoding = 4; lastKnownFileType = sourcecode.c.h; name = Connection.h; path = "AntBot-Server/Connection.h"; sourceTree = SOURCE_ROOT; };
		401C600D158BD5C100058D4C /* Connection.m */ = {isa = PBXFileReference; fileEncoding = 4; lastKnownFileType = sourcecode.c.objc; name = Connection.m; path = "AntBot-Server/Connection.m"; sourceTree = SOURCE_ROOT; };
		401C600F158BD5CF00058D4C /* PheromoneController.h */ = {isa = PBXFileReference; fileEncoding = 4; lastKnownFileType = sourcecode.c.h; name = PheromoneController.h; path = "AntBot-Server/PheromoneController.h"; sourceTree = SOURCE_ROOT; };
		401C6010158BD5CF00058D4C /* PheromoneController.m */ = {isa = PBXFileReference; fileEncoding = 4; lastKnownFileType = sourcecode.c.objc; name = PheromoneController.m; path = "AntBot-Server/PheromoneController.m"; sourceTree = SOURCE_ROOT; };
		401C6012158BD5F900058D4C /* RobotDisplayView.h */ = {isa = PBXFileReference; fileEncoding = 4; lastKnownFileType = sourcecode.c.h; name = RobotDisplayView.h; path = "AntBot-Server/RobotDisplayView.h"; sourceTree = SOURCE_ROOT; };
		401C6013158BD5F900058D4C /* RobotDisplayView.m */ = {isa = PBXFileReference; fileEncoding = 4; lastKnownFileType = sourcecode.c.objc; name = RobotDisplayView.m; path = "AntBot-Server/RobotDisplayView.m"; sourceTree = SOURCE_ROOT; };
		401C6018158BD63C00058D4C /* Writer.h */ = {isa = PBXFileReference; fileEncoding = 4; lastKnownFileType = sourcecode.c.h; name = Writer.h; path = "AntBot-Server/Writer.h"; sourceTree = SOURCE_ROOT; };
		401C6019158BD63C00058D4C /* Writer.m */ = {isa = PBXFileReference; fileEncoding = 4; lastKnownFileType = sourcecode.c.objc; name = Writer.m; path = "AntBot-Server/Writer.m"; sourceTree = SOURCE_ROOT; };
		407D36CF15D57160004D29B9 /* ToolController.h */ = {isa = PBXFileReference; fileEncoding = 4; lastKnownFileType = sourcecode.c.h; name = ToolController.h; path = "AntBot-Server/ToolController.h"; sourceTree = SOURCE_ROOT; };
		407D36D015D57160004D29B9 /* ToolController.m */ = {isa = PBXFileReference; fileEncoding = 4; lastKnownFileType = sourcecode.c.objc; name = ToolController.m; path = "AntBot-Server/ToolController.m"; sourceTree = SOURCE_ROOT; };
		422512D916E2F6DC005D6230 /* AntBot-GA.xcodeproj */ = {isa = PBXFileReference; lastKnownFileType = "wrapper.pb-project"; name = "AntBot-GA.xcodeproj"; path = "AntBot-GA/AntBot-GA.xcodeproj"; sourceTree = "<group>"; };
/* End PBXFileReference section */

/* Begin PBXFrameworksBuildPhase section */
		401C5FDD158BD0BB00058D4C /* Frameworks */ = {
			isa = PBXFrameworksBuildPhase;
			buildActionMask = 2147483647;
			files = (
				422512DF16E2F6F4005D6230 /* libAntBot-GA.a in Frameworks */,
				401C5FE5158BD0BC00058D4C /* Cocoa.framework in Frameworks */,
			);
			runOnlyForDeploymentPostprocessing = 0;
		};
/* End PBXFrameworksBuildPhase section */

/* Begin PBXGroup section */
		401C5FD5158BD0BB00058D4C = {
			isa = PBXGroup;
			children = (
				422512D916E2F6DC005D6230 /* AntBot-GA.xcodeproj */,
				401C5FEA158BD0BC00058D4C /* AntBot-Server */,
				401C5FE3158BD0BB00058D4C /* Frameworks */,
				401C5FE1158BD0BB00058D4C /* Products */,
			);
			sourceTree = "<group>";
		};
		401C5FE1158BD0BB00058D4C /* Products */ = {
			isa = PBXGroup;
			children = (
				401C5FE0158BD0BB00058D4C /* AntBot-Server.app */,
			);
			name = Products;
			sourceTree = "<group>";
		};
		401C5FE3158BD0BB00058D4C /* Frameworks */ = {
			isa = PBXGroup;
			children = (
				401C5FE4158BD0BC00058D4C /* Cocoa.framework */,
				401C5FE6158BD0BC00058D4C /* Other Frameworks */,
			);
			name = Frameworks;
			sourceTree = "<group>";
		};
		401C5FE6158BD0BC00058D4C /* Other Frameworks */ = {
			isa = PBXGroup;
			children = (
				401C5FE7158BD0BC00058D4C /* AppKit.framework */,
				401C5FE8158BD0BC00058D4C /* CoreData.framework */,
				401C5FE9158BD0BC00058D4C /* Foundation.framework */,
			);
			name = "Other Frameworks";
			sourceTree = "<group>";
		};
		401C5FEA158BD0BC00058D4C /* AntBot-Server */ = {
			isa = PBXGroup;
			children = (
				401C5FF6158BD0BC00058D4C /* AppDelegate.h */,
				401C5FF7158BD0BC00058D4C /* AppDelegate.m */,
				401C600C158BD5C100058D4C /* Connection.h */,
				401C600D158BD5C100058D4C /* Connection.m */,
				401C600F158BD5CF00058D4C /* PheromoneController.h */,
				401C6010158BD5CF00058D4C /* PheromoneController.m */,
				4008003015AF51300028A766 /* RobotDetails.h */,
				4008003115AF51300028A766 /* RobotDetails.m */,
				401C6004158BD1B000058D4C /* RobotDisplayController.h */,
				401C6005158BD1B000058D4C /* RobotDisplayController.m */,
				401C6012158BD5F900058D4C /* RobotDisplayView.h */,
				401C6013158BD5F900058D4C /* RobotDisplayView.m */,
				401C6009158BD5A100058D4C /* Server.h */,
				401C600A158BD5A100058D4C /* Server.m */,
				407D36CF15D57160004D29B9 /* ToolController.h */,
				407D36D015D57160004D29B9 /* ToolController.m */,
				401C6018158BD63C00058D4C /* Writer.h */,
				401C6019158BD63C00058D4C /* Writer.m */,
				401C6001158BD14E00058D4C /* ServerController.h */,
				401C6002158BD14E00058D4C /* ServerController.m */,
				401C6007158BD32C00058D4C /* MainMenu.xib */,
				401C5FEB158BD0BC00058D4C /* Supporting Files */,
			);
			path = "AntBot-Server";
			sourceTree = "<group>";
		};
		401C5FEB158BD0BC00058D4C /* Supporting Files */ = {
			isa = PBXGroup;
			children = (
				401C5FEC158BD0BC00058D4C /* AntBot-Server-Info.plist */,
				401C5FED158BD0BC00058D4C /* InfoPlist.strings */,
				401C5FF0158BD0BC00058D4C /* main.m */,
				401C5FF2158BD0BC00058D4C /* AntBot-Server-Prefix.pch */,
			);
			name = "Supporting Files";
			sourceTree = "<group>";
		};
		422512DA16E2F6DC005D6230 /* Products */ = {
			isa = PBXGroup;
			children = (
				422512DE16E2F6DD005D6230 /* libAntBot-GA.a */,
			);
			name = Products;
			sourceTree = "<group>";
		};
/* End PBXGroup section */

/* Begin PBXNativeTarget section */
		401C5FDF158BD0BB00058D4C /* AntBot-Server */ = {
			isa = PBXNativeTarget;
			buildConfigurationList = 401C5FFE158BD0BC00058D4C /* Build configuration list for PBXNativeTarget "AntBot-Server" */;
			buildPhases = (
				401C5FDC158BD0BB00058D4C /* Sources */,
				401C5FDD158BD0BB00058D4C /* Frameworks */,
				401C5FDE158BD0BB00058D4C /* Resources */,
			);
			buildRules = (
			);
			dependencies = (
			);
			name = "AntBot-Server";
			productName = "AntBot-Server";
			productReference = 401C5FE0158BD0BB00058D4C /* AntBot-Server.app */;
			productType = "com.apple.product-type.application";
		};
/* End PBXNativeTarget section */

/* Begin PBXProject section */
		401C5FD7158BD0BB00058D4C /* Project object */ = {
			isa = PBXProject;
			attributes = {
				LastUpgradeCheck = 0460;
			};
			buildConfigurationList = 401C5FDA158BD0BB00058D4C /* Build configuration list for PBXProject "AntBot-Server" */;
			compatibilityVersion = "Xcode 3.2";
			developmentRegion = English;
			hasScannedForEncodings = 0;
			knownRegions = (
				en,
			);
			mainGroup = 401C5FD5158BD0BB00058D4C;
			productRefGroup = 401C5FE1158BD0BB00058D4C /* Products */;
			projectDirPath = "";
			projectReferences = (
				{
					ProductGroup = 422512DA16E2F6DC005D6230 /* Products */;
					ProjectRef = 422512D916E2F6DC005D6230 /* AntBot-GA.xcodeproj */;
				},
			);
			projectRoot = "";
			targets = (
				401C5FDF158BD0BB00058D4C /* AntBot-Server */,
			);
		};
/* End PBXProject section */

/* Begin PBXReferenceProxy section */
		422512DE16E2F6DD005D6230 /* libAntBot-GA.a */ = {
			isa = PBXReferenceProxy;
			fileType = archive.ar;
			path = "libAntBot-GA.a";
			remoteRef = 422512DD16E2F6DD005D6230 /* PBXContainerItemProxy */;
			sourceTree = BUILT_PRODUCTS_DIR;
		};
/* End PBXReferenceProxy section */

/* Begin PBXResourcesBuildPhase section */
		401C5FDE158BD0BB00058D4C /* Resources */ = {
			isa = PBXResourcesBuildPhase;
			buildActionMask = 2147483647;
			files = (
				401C5FEF158BD0BC00058D4C /* InfoPlist.strings in Resources */,
				401C6008158BD32C00058D4C /* MainMenu.xib in Resources */,
			);
			runOnlyForDeploymentPostprocessing = 0;
		};
/* End PBXResourcesBuildPhase section */

/* Begin PBXSourcesBuildPhase section */
		401C5FDC158BD0BB00058D4C /* Sources */ = {
			isa = PBXSourcesBuildPhase;
			buildActionMask = 2147483647;
			files = (
				401C5FF1158BD0BC00058D4C /* main.m in Sources */,
				401C5FF8158BD0BC00058D4C /* AppDelegate.m in Sources */,
				401C6003158BD14E00058D4C /* ServerController.m in Sources */,
				401C6006158BD1B000058D4C /* RobotDisplayController.m in Sources */,
				401C600B158BD5A100058D4C /* Server.m in Sources */,
				401C600E158BD5C100058D4C /* Connection.m in Sources */,
				401C6011158BD5CF00058D4C /* PheromoneController.m in Sources */,
				401C6014158BD5F900058D4C /* RobotDisplayView.m in Sources */,
				401C601A158BD63C00058D4C /* Writer.m in Sources */,
				4008003215AF51300028A766 /* RobotDetails.m in Sources */,
				407D36D115D57160004D29B9 /* ToolController.m in Sources */,
			);
			runOnlyForDeploymentPostprocessing = 0;
		};
/* End PBXSourcesBuildPhase section */

/* Begin PBXVariantGroup section */
		401C5FED158BD0BC00058D4C /* InfoPlist.strings */ = {
			isa = PBXVariantGroup;
			children = (
				401C5FEE158BD0BC00058D4C /* en */,
			);
			name = InfoPlist.strings;
			sourceTree = "<group>";
		};
/* End PBXVariantGroup section */

/* Begin XCBuildConfiguration section */
		401C5FFC158BD0BC00058D4C /* Debug */ = {
			isa = XCBuildConfiguration;
			buildSettings = {
				ALWAYS_SEARCH_USER_PATHS = NO;
				ARCHS = "$(ARCHS_STANDARD_64_BIT)";
				CLANG_ENABLE_OBJC_ARC = YES;
				CLANG_WARN_CONSTANT_CONVERSION = YES;
				CLANG_WARN_ENUM_CONVERSION = YES;
				CLANG_WARN_INT_CONVERSION = YES;
				CLANG_WARN__DUPLICATE_METHOD_MATCH = YES;
				COPY_PHASE_STRIP = NO;
				GCC_C_LANGUAGE_STANDARD = gnu99;
				GCC_DYNAMIC_NO_PIC = NO;
				GCC_ENABLE_OBJC_EXCEPTIONS = YES;
				GCC_OPTIMIZATION_LEVEL = 0;
				GCC_PREPROCESSOR_DEFINITIONS = (
					"DEBUG=1",
					"$(inherited)",
				);
				GCC_SYMBOLS_PRIVATE_EXTERN = NO;
				GCC_VERSION = com.apple.compilers.llvm.clang.1_0;
				GCC_WARN_64_TO_32_BIT_CONVERSION = YES;
				GCC_WARN_ABOUT_RETURN_TYPE = YES;
				GCC_WARN_UNINITIALIZED_AUTOS = YES;
				GCC_WARN_UNUSED_VARIABLE = YES;
				IBC_NOTICES = YES;
				IBC_WARNINGS = YES;
				MACOSX_DEPLOYMENT_TARGET = 10.7;
				ONLY_ACTIVE_ARCH = YES;
				SDKROOT = macosx;
				STRIP_INSTALLED_PRODUCT = YES;
			};
			name = Debug;
		};
		401C5FFD158BD0BC00058D4C /* Release */ = {
			isa = XCBuildConfiguration;
			buildSettings = {
				ALWAYS_SEARCH_USER_PATHS = NO;
				ARCHS = "$(ARCHS_STANDARD_64_BIT)";
				CLANG_ENABLE_OBJC_ARC = YES;
				CLANG_WARN_CONSTANT_CONVERSION = YES;
				CLANG_WARN_ENUM_CONVERSION = YES;
				CLANG_WARN_INT_CONVERSION = YES;
				CLANG_WARN__DUPLICATE_METHOD_MATCH = YES;
				COPY_PHASE_STRIP = NO;
				DEBUG_INFORMATION_FORMAT = "dwarf-with-dsym";
				GCC_C_LANGUAGE_STANDARD = gnu99;
				GCC_ENABLE_OBJC_EXCEPTIONS = YES;
				GCC_VERSION = com.apple.compilers.llvm.clang.1_0;
				GCC_WARN_64_TO_32_BIT_CONVERSION = YES;
				GCC_WARN_ABOUT_RETURN_TYPE = YES;
				GCC_WARN_UNINITIALIZED_AUTOS = YES;
				GCC_WARN_UNUSED_VARIABLE = YES;
				IBC_NOTICES = YES;
				IBC_WARNINGS = YES;
				MACOSX_DEPLOYMENT_TARGET = 10.7;
				SDKROOT = macosx;
				STRIP_INSTALLED_PRODUCT = YES;
			};
			name = Release;
		};
		401C5FFF158BD0BC00058D4C /* Debug */ = {
			isa = XCBuildConfiguration;
			buildSettings = {
				ALWAYS_SEARCH_USER_PATHS = YES;
				COMBINE_HIDPI_IMAGES = YES;
				GCC_PRECOMPILE_PREFIX_HEADER = YES;
				GCC_PREFIX_HEADER = "AntBot-Server/AntBot-Server-Prefix.pch";
				GCC_WARN_ABOUT_DEPRECATED_FUNCTIONS = YES;
				IBC_ERRORS = YES;
				IBC_NOTICES = YES;
				IBC_WARNINGS = YES;
				INFOPLIST_FILE = "AntBot-Server/AntBot-Server-Info.plist";
				LIBRARY_SEARCH_PATHS = "$(inherited)";
				PRODUCT_NAME = "AntBot-Server";
				USER_HEADER_SEARCH_PATHS = "\"$(SRCROOT)/AntBot-GA\"";
				WRAPPER_EXTENSION = app;
			};
			name = Debug;
		};
		401C6000158BD0BC00058D4C /* Release */ = {
			isa = XCBuildConfiguration;
			buildSettings = {
				ALWAYS_SEARCH_USER_PATHS = YES;
				COMBINE_HIDPI_IMAGES = YES;
				GCC_PRECOMPILE_PREFIX_HEADER = YES;
				GCC_PREFIX_HEADER = "AntBot-Server/AntBot-Server-Prefix.pch";
				GCC_WARN_ABOUT_DEPRECATED_FUNCTIONS = YES;
				IBC_ERRORS = YES;
				IBC_NOTICES = YES;
				IBC_WARNINGS = YES;
				INFOPLIST_FILE = "AntBot-Server/AntBot-Server-Info.plist";
				LIBRARY_SEARCH_PATHS = "$(inherited)";
				PRODUCT_NAME = "AntBot-Server";
				USER_HEADER_SEARCH_PATHS = "\"$(SRCROOT)/AntBot-GA\"";
				WRAPPER_EXTENSION = app;
			};
			name = Release;
		};
/* End XCBuildConfiguration section */

/* Begin XCConfigurationList section */
		401C5FDA158BD0BB00058D4C /* Build configuration list for PBXProject "AntBot-Server" */ = {
			isa = XCConfigurationList;
			buildConfigurations = (
				401C5FFC158BD0BC00058D4C /* Debug */,
				401C5FFD158BD0BC00058D4C /* Release */,
			);
			defaultConfigurationIsVisible = 0;
			defaultConfigurationName = Release;
		};
		401C5FFE158BD0BC00058D4C /* Build configuration list for PBXNativeTarget "AntBot-Server" */ = {
			isa = XCConfigurationList;
			buildConfigurations = (
				401C5FFF158BD0BC00058D4C /* Debug */,
				401C6000158BD0BC00058D4C /* Release */,
			);
			defaultConfigurationIsVisible = 0;
			defaultConfigurationName = Release;
		};
/* End XCConfigurationList section */
	};
	rootObject = 401C5FD7158BD0BB00058D4C /* Project object */;
}
