// !$*UTF8*$!
{
	archiveVersion = 1;
	classes = {
	};
	objectVersion = 46;
	objects = {

/* Begin PBXBuildFile section */
		4008003215AF51300028A766 /* ABSRobotDetails.m in Sources */ = {isa = PBXBuildFile; fileRef = 4008003115AF51300028A766 /* ABSRobotDetails.m */; };
		401C5FE5158BD0BC00058D4C /* Cocoa.framework in Frameworks */ = {isa = PBXBuildFile; fileRef = 401C5FE4158BD0BC00058D4C /* Cocoa.framework */; };
		401C5FEF158BD0BC00058D4C /* InfoPlist.strings in Resources */ = {isa = PBXBuildFile; fileRef = 401C5FED158BD0BC00058D4C /* InfoPlist.strings */; };
		401C5FF1158BD0BC00058D4C /* main.m in Sources */ = {isa = PBXBuildFile; fileRef = 401C5FF0158BD0BC00058D4C /* main.m */; };
		401C5FF5158BD0BC00058D4C /* Credits.rtf in Resources */ = {isa = PBXBuildFile; fileRef = 401C5FF3158BD0BC00058D4C /* Credits.rtf */; };
		401C5FF8158BD0BC00058D4C /* ABSAppDelegate.m in Sources */ = {isa = PBXBuildFile; fileRef = 401C5FF7158BD0BC00058D4C /* ABSAppDelegate.m */; };
		401C6003158BD14E00058D4C /* ABSServerController.m in Sources */ = {isa = PBXBuildFile; fileRef = 401C6002158BD14E00058D4C /* ABSServerController.m */; };
		401C6006158BD1B000058D4C /* ABSRobotDisplayController.m in Sources */ = {isa = PBXBuildFile; fileRef = 401C6005158BD1B000058D4C /* ABSRobotDisplayController.m */; };
		401C6008158BD32C00058D4C /* MainMenu.xib in Resources */ = {isa = PBXBuildFile; fileRef = 401C6007158BD32C00058D4C /* MainMenu.xib */; };
		401C600B158BD5A100058D4C /* ABSServer.m in Sources */ = {isa = PBXBuildFile; fileRef = 401C600A158BD5A100058D4C /* ABSServer.m */; };
		401C600E158BD5C100058D4C /* ABSConnection.m in Sources */ = {isa = PBXBuildFile; fileRef = 401C600D158BD5C100058D4C /* ABSConnection.m */; };
		401C6011158BD5CF00058D4C /* ABSPheromoneController.m in Sources */ = {isa = PBXBuildFile; fileRef = 401C6010158BD5CF00058D4C /* ABSPheromoneController.m */; };
		401C6014158BD5F900058D4C /* ABSRobotDisplayView.m in Sources */ = {isa = PBXBuildFile; fileRef = 401C6013158BD5F900058D4C /* ABSRobotDisplayView.m */; };
		401C601A158BD63C00058D4C /* ABSWriter.m in Sources */ = {isa = PBXBuildFile; fileRef = 401C6019158BD63C00058D4C /* ABSWriter.m */; };
		404CA6E915C9FD5400944FD1 /* ABSSimulationController.m in Sources */ = {isa = PBXBuildFile; fileRef = 404CA6E815C9FD5400944FD1 /* ABSSimulationController.m */; };
		404CA6F115C9FD7D00944FD1 /* ABSSimulation.m in Sources */ = {isa = PBXBuildFile; fileRef = 404CA6EE15C9FD7D00944FD1 /* ABSSimulation.m */; };
		406D472A162F737A005F62B0 /* ABSSimulationColony.m in Sources */ = {isa = PBXBuildFile; fileRef = 406D4729162F7379005F62B0 /* ABSSimulationColony.m */; };
		406D47381630EC05005F62B0 /* ABSSimulationAnt.m in Sources */ = {isa = PBXBuildFile; fileRef = 406D47371630EC05005F62B0 /* ABSSimulationAnt.m */; };
		406D473B16312C30005F62B0 /* ABSSimulationLocation.m in Sources */ = {isa = PBXBuildFile; fileRef = 406D473A16312C30005F62B0 /* ABSSimulationLocation.m */; };
		407D36D115D57160004D29B9 /* ABSToolController.m in Sources */ = {isa = PBXBuildFile; fileRef = 407D36D015D57160004D29B9 /* ABSToolController.m */; };
/* End PBXBuildFile section */

/* Begin PBXFileReference section */
		4008003015AF51300028A766 /* ABSRobotDetails.h */ = {isa = PBXFileReference; fileEncoding = 4; lastKnownFileType = sourcecode.c.h; path = ABSRobotDetails.h; sourceTree = "<group>"; };
		4008003115AF51300028A766 /* ABSRobotDetails.m */ = {isa = PBXFileReference; fileEncoding = 4; lastKnownFileType = sourcecode.c.objc; path = ABSRobotDetails.m; sourceTree = "<group>"; };
		401C5FE0158BD0BB00058D4C /* ABS.app */ = {isa = PBXFileReference; explicitFileType = wrapper.application; includeInIndex = 0; path = ABS.app; sourceTree = BUILT_PRODUCTS_DIR; };
		401C5FE4158BD0BC00058D4C /* Cocoa.framework */ = {isa = PBXFileReference; lastKnownFileType = wrapper.framework; name = Cocoa.framework; path = System/Library/Frameworks/Cocoa.framework; sourceTree = SDKROOT; };
		401C5FE7158BD0BC00058D4C /* AppKit.framework */ = {isa = PBXFileReference; lastKnownFileType = wrapper.framework; name = AppKit.framework; path = System/Library/Frameworks/AppKit.framework; sourceTree = SDKROOT; };
		401C5FE8158BD0BC00058D4C /* CoreData.framework */ = {isa = PBXFileReference; lastKnownFileType = wrapper.framework; name = CoreData.framework; path = System/Library/Frameworks/CoreData.framework; sourceTree = SDKROOT; };
		401C5FE9158BD0BC00058D4C /* Foundation.framework */ = {isa = PBXFileReference; lastKnownFileType = wrapper.framework; name = Foundation.framework; path = System/Library/Frameworks/Foundation.framework; sourceTree = SDKROOT; };
		401C5FEC158BD0BC00058D4C /* ABS-Info.plist */ = {isa = PBXFileReference; lastKnownFileType = text.plist.xml; path = "ABS-Info.plist"; sourceTree = "<group>"; };
		401C5FEE158BD0BC00058D4C /* en */ = {isa = PBXFileReference; lastKnownFileType = text.plist.strings; name = en; path = en.lproj/InfoPlist.strings; sourceTree = "<group>"; };
		401C5FF0158BD0BC00058D4C /* main.m */ = {isa = PBXFileReference; lastKnownFileType = sourcecode.c.objc; path = main.m; sourceTree = "<group>"; };
		401C5FF2158BD0BC00058D4C /* ABS-Prefix.pch */ = {isa = PBXFileReference; lastKnownFileType = sourcecode.c.h; path = "ABS-Prefix.pch"; sourceTree = "<group>"; };
		401C5FF4158BD0BC00058D4C /* en */ = {isa = PBXFileReference; lastKnownFileType = text.rtf; name = en; path = en.lproj/Credits.rtf; sourceTree = "<group>"; };
		401C5FF6158BD0BC00058D4C /* ABSAppDelegate.h */ = {isa = PBXFileReference; lastKnownFileType = sourcecode.c.h; path = ABSAppDelegate.h; sourceTree = "<group>"; };
		401C5FF7158BD0BC00058D4C /* ABSAppDelegate.m */ = {isa = PBXFileReference; lastKnownFileType = sourcecode.c.objc; path = ABSAppDelegate.m; sourceTree = "<group>"; };
		401C6001158BD14E00058D4C /* ABSServerController.h */ = {isa = PBXFileReference; fileEncoding = 4; lastKnownFileType = sourcecode.c.h; path = ABSServerController.h; sourceTree = "<group>"; };
		401C6002158BD14E00058D4C /* ABSServerController.m */ = {isa = PBXFileReference; fileEncoding = 4; lastKnownFileType = sourcecode.c.objc; path = ABSServerController.m; sourceTree = "<group>"; };
		401C6004158BD1B000058D4C /* ABSRobotDisplayController.h */ = {isa = PBXFileReference; fileEncoding = 4; lastKnownFileType = sourcecode.c.h; path = ABSRobotDisplayController.h; sourceTree = "<group>"; };
		401C6005158BD1B000058D4C /* ABSRobotDisplayController.m */ = {isa = PBXFileReference; fileEncoding = 4; lastKnownFileType = sourcecode.c.objc; path = ABSRobotDisplayController.m; sourceTree = "<group>"; };
		401C6007158BD32C00058D4C /* MainMenu.xib */ = {isa = PBXFileReference; fileEncoding = 4; lastKnownFileType = file.xib; path = MainMenu.xib; sourceTree = "<group>"; };
		401C6009158BD5A100058D4C /* ABSServer.h */ = {isa = PBXFileReference; fileEncoding = 4; lastKnownFileType = sourcecode.c.h; path = ABSServer.h; sourceTree = "<group>"; };
		401C600A158BD5A100058D4C /* ABSServer.m */ = {isa = PBXFileReference; fileEncoding = 4; lastKnownFileType = sourcecode.c.objc; path = ABSServer.m; sourceTree = "<group>"; };
		401C600C158BD5C100058D4C /* ABSConnection.h */ = {isa = PBXFileReference; fileEncoding = 4; lastKnownFileType = sourcecode.c.h; path = ABSConnection.h; sourceTree = "<group>"; };
		401C600D158BD5C100058D4C /* ABSConnection.m */ = {isa = PBXFileReference; fileEncoding = 4; lastKnownFileType = sourcecode.c.objc; path = ABSConnection.m; sourceTree = "<group>"; };
		401C600F158BD5CF00058D4C /* ABSPheromoneController.h */ = {isa = PBXFileReference; fileEncoding = 4; lastKnownFileType = sourcecode.c.h; path = ABSPheromoneController.h; sourceTree = "<group>"; };
		401C6010158BD5CF00058D4C /* ABSPheromoneController.m */ = {isa = PBXFileReference; fileEncoding = 4; lastKnownFileType = sourcecode.c.objc; path = ABSPheromoneController.m; sourceTree = "<group>"; };
		401C6012158BD5F900058D4C /* ABSRobotDisplayView.h */ = {isa = PBXFileReference; fileEncoding = 4; lastKnownFileType = sourcecode.c.h; path = ABSRobotDisplayView.h; sourceTree = "<group>"; };
		401C6013158BD5F900058D4C /* ABSRobotDisplayView.m */ = {isa = PBXFileReference; fileEncoding = 4; lastKnownFileType = sourcecode.c.objc; path = ABSRobotDisplayView.m; sourceTree = "<group>"; };
		401C6018158BD63C00058D4C /* ABSWriter.h */ = {isa = PBXFileReference; fileEncoding = 4; lastKnownFileType = sourcecode.c.h; path = ABSWriter.h; sourceTree = "<group>"; };
		401C6019158BD63C00058D4C /* ABSWriter.m */ = {isa = PBXFileReference; fileEncoding = 4; lastKnownFileType = sourcecode.c.objc; path = ABSWriter.m; sourceTree = "<group>"; };
		404CA6E715C9FD5400944FD1 /* ABSSimulationController.h */ = {isa = PBXFileReference; fileEncoding = 4; lastKnownFileType = sourcecode.c.h; path = ABSSimulationController.h; sourceTree = "<group>"; };
		404CA6E815C9FD5400944FD1 /* ABSSimulationController.m */ = {isa = PBXFileReference; fileEncoding = 4; lastKnownFileType = sourcecode.c.objc; path = ABSSimulationController.m; sourceTree = "<group>"; };
		404CA6EE15C9FD7D00944FD1 /* ABSSimulation.m */ = {isa = PBXFileReference; fileEncoding = 4; lastKnownFileType = sourcecode.c.objc; path = ABSSimulation.m; sourceTree = "<group>"; };
		404CA6F315C9FDAC00944FD1 /* ABSSimulation.h */ = {isa = PBXFileReference; lastKnownFileType = sourcecode.c.h; path = ABSSimulation.h; sourceTree = "<group>"; };
		406D4728162F7379005F62B0 /* ABSSimulationColony.h */ = {isa = PBXFileReference; fileEncoding = 4; lastKnownFileType = sourcecode.c.h; path = ABSSimulationColony.h; sourceTree = "<group>"; };
		406D4729162F7379005F62B0 /* ABSSimulationColony.m */ = {isa = PBXFileReference; fileEncoding = 4; lastKnownFileType = sourcecode.c.objc; path = ABSSimulationColony.m; sourceTree = "<group>"; };
		406D47361630EC04005F62B0 /* ABSSimulationAnt.h */ = {isa = PBXFileReference; fileEncoding = 4; lastKnownFileType = sourcecode.c.h; path = ABSSimulationAnt.h; sourceTree = "<group>"; };
		406D47371630EC05005F62B0 /* ABSSimulationAnt.m */ = {isa = PBXFileReference; fileEncoding = 4; lastKnownFileType = sourcecode.c.objc; path = ABSSimulationAnt.m; sourceTree = "<group>"; };
		406D473916312C30005F62B0 /* ABSSimulationLocation.h */ = {isa = PBXFileReference; fileEncoding = 4; lastKnownFileType = sourcecode.c.h; path = ABSSimulationLocation.h; sourceTree = "<group>"; };
		406D473A16312C30005F62B0 /* ABSSimulationLocation.m */ = {isa = PBXFileReference; fileEncoding = 4; lastKnownFileType = sourcecode.c.objc; path = ABSSimulationLocation.m; sourceTree = "<group>"; };
		407D36CF15D57160004D29B9 /* ABSToolController.h */ = {isa = PBXFileReference; fileEncoding = 4; lastKnownFileType = sourcecode.c.h; path = ABSToolController.h; sourceTree = "<group>"; };
		407D36D015D57160004D29B9 /* ABSToolController.m */ = {isa = PBXFileReference; fileEncoding = 4; lastKnownFileType = sourcecode.c.objc; path = ABSToolController.m; sourceTree = "<group>"; };
/* End PBXFileReference section */

/* Begin PBXFrameworksBuildPhase section */
		401C5FDD158BD0BB00058D4C /* Frameworks */ = {
			isa = PBXFrameworksBuildPhase;
			buildActionMask = 2147483647;
			files = (
				401C5FE5158BD0BC00058D4C /* Cocoa.framework in Frameworks */,
			);
			runOnlyForDeploymentPostprocessing = 0;
		};
/* End PBXFrameworksBuildPhase section */

/* Begin PBXGroup section */
		401C5FD5158BD0BB00058D4C = {
			isa = PBXGroup;
			children = (
				401C5FEA158BD0BC00058D4C /* ABS */,
				401C5FE3158BD0BB00058D4C /* Frameworks */,
				401C5FE1158BD0BB00058D4C /* Products */,
			);
			sourceTree = "<group>";
		};
		401C5FE1158BD0BB00058D4C /* Products */ = {
			isa = PBXGroup;
			children = (
				401C5FE0158BD0BB00058D4C /* ABS.app */,
			);
			name = Products;
			sourceTree = "<group>";
		};
		401C5FE3158BD0BB00058D4C /* Frameworks */ = {
			isa = PBXGroup;
			children = (
				401C5FE4158BD0BC00058D4C /* Cocoa.framework */,
				401C5FE6158BD0BC00058D4C /* Other Frameworks */,
			);
			name = Frameworks;
			sourceTree = "<group>";
		};
		401C5FE6158BD0BC00058D4C /* Other Frameworks */ = {
			isa = PBXGroup;
			children = (
				401C5FE7158BD0BC00058D4C /* AppKit.framework */,
				401C5FE8158BD0BC00058D4C /* CoreData.framework */,
				401C5FE9158BD0BC00058D4C /* Foundation.framework */,
			);
			name = "Other Frameworks";
			sourceTree = "<group>";
		};
		401C5FEA158BD0BC00058D4C /* ABS */ = {
			isa = PBXGroup;
			children = (
				404CA6EB15C9FD6800944FD1 /* GA */,
				401C6007158BD32C00058D4C /* MainMenu.xib */,
				407D36CF15D57160004D29B9 /* ABSToolController.h */,
				407D36D015D57160004D29B9 /* ABSToolController.m */,
				401C5FF6158BD0BC00058D4C /* ABSAppDelegate.h */,
				401C5FF7158BD0BC00058D4C /* ABSAppDelegate.m */,
				401C6009158BD5A100058D4C /* ABSServer.h */,
				401C600A158BD5A100058D4C /* ABSServer.m */,
				401C600C158BD5C100058D4C /* ABSConnection.h */,
				401C600D158BD5C100058D4C /* ABSConnection.m */,
				401C600F158BD5CF00058D4C /* ABSPheromoneController.h */,
				401C6010158BD5CF00058D4C /* ABSPheromoneController.m */,
				401C6012158BD5F900058D4C /* ABSRobotDisplayView.h */,
				401C6013158BD5F900058D4C /* ABSRobotDisplayView.m */,
				4008003015AF51300028A766 /* ABSRobotDetails.h */,
				4008003115AF51300028A766 /* ABSRobotDetails.m */,
				401C6018158BD63C00058D4C /* ABSWriter.h */,
				401C6019158BD63C00058D4C /* ABSWriter.m */,
				401C6001158BD14E00058D4C /* ABSServerController.h */,
				401C6002158BD14E00058D4C /* ABSServerController.m */,
				401C6004158BD1B000058D4C /* ABSRobotDisplayController.h */,
				401C6005158BD1B000058D4C /* ABSRobotDisplayController.m */,
				401C5FEB158BD0BC00058D4C /* Supporting Files */,
			);
			path = ABS;
			sourceTree = "<group>";
		};
		401C5FEB158BD0BC00058D4C /* Supporting Files */ = {
			isa = PBXGroup;
			children = (
				401C5FEC158BD0BC00058D4C /* ABS-Info.plist */,
				401C5FED158BD0BC00058D4C /* InfoPlist.strings */,
				401C5FF0158BD0BC00058D4C /* main.m */,
				401C5FF2158BD0BC00058D4C /* ABS-Prefix.pch */,
				401C5FF3158BD0BC00058D4C /* Credits.rtf */,
			);
			name = "Supporting Files";
			sourceTree = "<group>";
		};
		404CA6EB15C9FD6800944FD1 /* GA */ = {
			isa = PBXGroup;
			children = (
				406D47361630EC04005F62B0 /* ABSSimulationAnt.h */,
				406D47371630EC05005F62B0 /* ABSSimulationAnt.m */,
				404CA6E715C9FD5400944FD1 /* ABSSimulationController.h */,
				404CA6E815C9FD5400944FD1 /* ABSSimulationController.m */,
				404CA6F315C9FDAC00944FD1 /* ABSSimulation.h */,
				404CA6EE15C9FD7D00944FD1 /* ABSSimulation.m */,
				406D4728162F7379005F62B0 /* ABSSimulationColony.h */,
				406D4729162F7379005F62B0 /* ABSSimulationColony.m */,
				406D473916312C30005F62B0 /* ABSSimulationLocation.h */,
				406D473A16312C30005F62B0 /* ABSSimulationLocation.m */,
			);
			name = GA;
			sourceTree = "<group>";
		};
/* End PBXGroup section */

/* Begin PBXNativeTarget section */
		401C5FDF158BD0BB00058D4C /* ABS */ = {
			isa = PBXNativeTarget;
			buildConfigurationList = 401C5FFE158BD0BC00058D4C /* Build configuration list for PBXNativeTarget "ABS" */;
			buildPhases = (
				401C5FDC158BD0BB00058D4C /* Sources */,
				401C5FDD158BD0BB00058D4C /* Frameworks */,
				401C5FDE158BD0BB00058D4C /* Resources */,
			);
			buildRules = (
			);
			dependencies = (
			);
			name = ABS;
			productName = ABS;
			productReference = 401C5FE0158BD0BB00058D4C /* ABS.app */;
			productType = "com.apple.product-type.application";
		};
/* End PBXNativeTarget section */

/* Begin PBXProject section */
		401C5FD7158BD0BB00058D4C /* Project object */ = {
			isa = PBXProject;
			attributes = {
				LastUpgradeCheck = 0440;
			};
			buildConfigurationList = 401C5FDA158BD0BB00058D4C /* Build configuration list for PBXProject "ABS" */;
			compatibilityVersion = "Xcode 3.2";
			developmentRegion = English;
			hasScannedForEncodings = 0;
			knownRegions = (
				en,
			);
			mainGroup = 401C5FD5158BD0BB00058D4C;
			productRefGroup = 401C5FE1158BD0BB00058D4C /* Products */;
			projectDirPath = "";
			projectRoot = "";
			targets = (
				401C5FDF158BD0BB00058D4C /* ABS */,
			);
		};
/* End PBXProject section */

/* Begin PBXResourcesBuildPhase section */
		401C5FDE158BD0BB00058D4C /* Resources */ = {
			isa = PBXResourcesBuildPhase;
			buildActionMask = 2147483647;
			files = (
				401C5FEF158BD0BC00058D4C /* InfoPlist.strings in Resources */,
				401C5FF5158BD0BC00058D4C /* Credits.rtf in Resources */,
				401C6008158BD32C00058D4C /* MainMenu.xib in Resources */,
			);
			runOnlyForDeploymentPostprocessing = 0;
		};
/* End PBXResourcesBuildPhase section */

/* Begin PBXSourcesBuildPhase section */
		401C5FDC158BD0BB00058D4C /* Sources */ = {
			isa = PBXSourcesBuildPhase;
			buildActionMask = 2147483647;
			files = (
				401C5FF1158BD0BC00058D4C /* main.m in Sources */,
				401C5FF8158BD0BC00058D4C /* ABSAppDelegate.m in Sources */,
				401C6003158BD14E00058D4C /* ABSServerController.m in Sources */,
				401C6006158BD1B000058D4C /* ABSRobotDisplayController.m in Sources */,
				401C600B158BD5A100058D4C /* ABSServer.m in Sources */,
				401C600E158BD5C100058D4C /* ABSConnection.m in Sources */,
				401C6011158BD5CF00058D4C /* ABSPheromoneController.m in Sources */,
				401C6014158BD5F900058D4C /* ABSRobotDisplayView.m in Sources */,
				401C601A158BD63C00058D4C /* ABSWriter.m in Sources */,
				4008003215AF51300028A766 /* ABSRobotDetails.m in Sources */,
				404CA6E915C9FD5400944FD1 /* ABSSimulationController.m in Sources */,
				404CA6F115C9FD7D00944FD1 /* ABSSimulation.m in Sources */,
				407D36D115D57160004D29B9 /* ABSToolController.m in Sources */,
				406D472A162F737A005F62B0 /* ABSSimulationColony.m in Sources */,
				406D47381630EC05005F62B0 /* ABSSimulationAnt.m in Sources */,
				406D473B16312C30005F62B0 /* ABSSimulationLocation.m in Sources */,
			);
			runOnlyForDeploymentPostprocessing = 0;
		};
/* End PBXSourcesBuildPhase section */

/* Begin PBXVariantGroup section */
		401C5FED158BD0BC00058D4C /* InfoPlist.strings */ = {
			isa = PBXVariantGroup;
			children = (
				401C5FEE158BD0BC00058D4C /* en */,
			);
			name = InfoPlist.strings;
			sourceTree = "<group>";
		};
		401C5FF3158BD0BC00058D4C /* Credits.rtf */ = {
			isa = PBXVariantGroup;
			children = (
				401C5FF4158BD0BC00058D4C /* en */,
			);
			name = Credits.rtf;
			sourceTree = "<group>";
		};
/* End PBXVariantGroup section */

/* Begin XCBuildConfiguration section */
		401C5FFC158BD0BC00058D4C /* Debug */ = {
			isa = XCBuildConfiguration;
			buildSettings = {
				ALWAYS_SEARCH_USER_PATHS = NO;
				ARCHS = "$(ARCHS_STANDARD_64_BIT)";
				CLANG_ENABLE_OBJC_ARC = YES;
				COPY_PHASE_STRIP = NO;
				GCC_C_LANGUAGE_STANDARD = gnu99;
				GCC_DYNAMIC_NO_PIC = NO;
				GCC_ENABLE_OBJC_EXCEPTIONS = YES;
				GCC_OPTIMIZATION_LEVEL = 0;
				GCC_PREPROCESSOR_DEFINITIONS = (
					"DEBUG=1",
					"$(inherited)",
				);
				GCC_SYMBOLS_PRIVATE_EXTERN = NO;
				GCC_VERSION = com.apple.compilers.llvm.clang.1_0;
				GCC_WARN_64_TO_32_BIT_CONVERSION = YES;
				GCC_WARN_ABOUT_RETURN_TYPE = YES;
				GCC_WARN_UNINITIALIZED_AUTOS = YES;
				GCC_WARN_UNUSED_VARIABLE = YES;
				IBC_NOTICES = YES;
				IBC_WARNINGS = YES;
				MACOSX_DEPLOYMENT_TARGET = 10.7;
				ONLY_ACTIVE_ARCH = YES;
				SDKROOT = macosx;
				STRIP_INSTALLED_PRODUCT = YES;
			};
			name = Debug;
		};
		401C5FFD158BD0BC00058D4C /* Release */ = {
			isa = XCBuildConfiguration;
			buildSettings = {
				ALWAYS_SEARCH_USER_PATHS = NO;
				ARCHS = "$(ARCHS_STANDARD_64_BIT)";
				CLANG_ENABLE_OBJC_ARC = YES;
				COPY_PHASE_STRIP = NO;
				DEBUG_INFORMATION_FORMAT = "dwarf-with-dsym";
				GCC_C_LANGUAGE_STANDARD = gnu99;
				GCC_ENABLE_OBJC_EXCEPTIONS = YES;
				GCC_VERSION = com.apple.compilers.llvm.clang.1_0;
				GCC_WARN_64_TO_32_BIT_CONVERSION = YES;
				GCC_WARN_ABOUT_RETURN_TYPE = YES;
				GCC_WARN_UNINITIALIZED_AUTOS = YES;
				GCC_WARN_UNUSED_VARIABLE = YES;
				IBC_NOTICES = YES;
				IBC_WARNINGS = YES;
				MACOSX_DEPLOYMENT_TARGET = 10.7;
				SDKROOT = macosx;
				STRIP_INSTALLED_PRODUCT = YES;
			};
			name = Release;
		};
		401C5FFF158BD0BC00058D4C /* Debug */ = {
			isa = XCBuildConfiguration;
			buildSettings = {
				COMBINE_HIDPI_IMAGES = YES;
				GCC_PRECOMPILE_PREFIX_HEADER = YES;
				GCC_PREFIX_HEADER = "ABS/ABS-Prefix.pch";
				GCC_WARN_ABOUT_DEPRECATED_FUNCTIONS = YES;
				IBC_ERRORS = YES;
				IBC_NOTICES = YES;
				IBC_WARNINGS = YES;
				INFOPLIST_FILE = "ABS/ABS-Info.plist";
				LIBRARY_SEARCH_PATHS = (
					"$(inherited)",
					"\"$(SRCROOT)/ABS\"",
				);
				PRODUCT_NAME = "$(TARGET_NAME)";
				WRAPPER_EXTENSION = app;
			};
			name = Debug;
		};
		401C6000158BD0BC00058D4C /* Release */ = {
			isa = XCBuildConfiguration;
			buildSettings = {
				COMBINE_HIDPI_IMAGES = YES;
				GCC_PRECOMPILE_PREFIX_HEADER = YES;
				GCC_PREFIX_HEADER = "ABS/ABS-Prefix.pch";
				GCC_WARN_ABOUT_DEPRECATED_FUNCTIONS = YES;
				IBC_ERRORS = YES;
				IBC_NOTICES = YES;
				IBC_WARNINGS = YES;
				INFOPLIST_FILE = "ABS/ABS-Info.plist";
				LIBRARY_SEARCH_PATHS = (
					"$(inherited)",
					"\"$(SRCROOT)/ABS\"",
				);
				PRODUCT_NAME = "$(TARGET_NAME)";
				WRAPPER_EXTENSION = app;
			};
			name = Release;
		};
/* End XCBuildConfiguration section */

/* Begin XCConfigurationList section */
		401C5FDA158BD0BB00058D4C /* Build configuration list for PBXProject "ABS" */ = {
			isa = XCConfigurationList;
			buildConfigurations = (
				401C5FFC158BD0BC00058D4C /* Debug */,
				401C5FFD158BD0BC00058D4C /* Release */,
			);
			defaultConfigurationIsVisible = 0;
			defaultConfigurationName = Release;
		};
		401C5FFE158BD0BC00058D4C /* Build configuration list for PBXNativeTarget "ABS" */ = {
			isa = XCConfigurationList;
			buildConfigurations = (
				401C5FFF158BD0BC00058D4C /* Debug */,
				401C6000158BD0BC00058D4C /* Release */,
			);
			defaultConfigurationIsVisible = 0;
			defaultConfigurationName = Release;
		};
/* End XCConfigurationList section */
	};
	rootObject = 401C5FD7158BD0BB00058D4C /* Project object */;
}
